
Microsoft Visual Studio Solution File, Format Version 12.00
# Visual Studio Version 16
VisualStudioVersion = 16.0.30309.148
MinimumVisualStudioVersion = 10.0.40219.1
Project("{9A19103F-16F7-4668-BE54-9A1E7A4F7556}") = "StrattonOakmont", "StrattonOakmont\StrattonOakmont.csproj", "{4BB99695-E2D2-4E9E-AF54-BFBAE9289FD7}"
EndProject
Project("{9A19103F-16F7-4668-BE54-9A1E7A4F7556}") = "StrattonOakmontModels", "StrattonOakmontModels\StrattonOakmontModels.csproj", "{BDCEA36E-4307-4931-A1DA-2D1793686C21}"
EndProject
Project("{FAE04EC0-301F-11D3-BF4B-00C04F79EFBC}") = "StrattonOakmontServices", "StrattonOakmontServices\StrattonOakmontServices.csproj", "{3A9260DF-9BC9-4F0B-8A3E-1A5F0E79D5C4}"
EndProject
Global
	GlobalSection(SolutionConfigurationPlatforms) = preSolution
		Debug|Any CPU = Debug|Any CPU
		Release|Any CPU = Release|Any CPU
	EndGlobalSection
	GlobalSection(ProjectConfigurationPlatforms) = postSolution
		{4BB99695-E2D2-4E9E-AF54-BFBAE9289FD7}.Debug|Any CPU.ActiveCfg = Debug|Any CPU
		{4BB99695-E2D2-4E9E-AF54-BFBAE9289FD7}.Debug|Any CPU.Build.0 = Debug|Any CPU
		{4BB99695-E2D2-4E9E-AF54-BFBAE9289FD7}.Release|Any CPU.ActiveCfg = Release|Any CPU
		{4BB99695-E2D2-4E9E-AF54-BFBAE9289FD7}.Release|Any CPU.Build.0 = Release|Any CPU
		{BDCEA36E-4307-4931-A1DA-2D1793686C21}.Debug|Any CPU.ActiveCfg = Debug|Any CPU
		{BDCEA36E-4307-4931-A1DA-2D1793686C21}.Debug|Any CPU.Build.0 = Debug|Any CPU
		{BDCEA36E-4307-4931-A1DA-2D1793686C21}.Release|Any CPU.ActiveCfg = Release|Any CPU
		{BDCEA36E-4307-4931-A1DA-2D1793686C21}.Release|Any CPU.Build.0 = Release|Any CPU
		{3A9260DF-9BC9-4F0B-8A3E-1A5F0E79D5C4}.Debug|Any CPU.ActiveCfg = Debug|Any CPU
		{3A9260DF-9BC9-4F0B-8A3E-1A5F0E79D5C4}.Debug|Any CPU.Build.0 = Debug|Any CPU
		{3A9260DF-9BC9-4F0B-8A3E-1A5F0E79D5C4}.Release|Any CPU.ActiveCfg = Release|Any CPU
		{3A9260DF-9BC9-4F0B-8A3E-1A5F0E79D5C4}.Release|Any CPU.Build.0 = Release|Any CPU
	EndGlobalSection
	GlobalSection(SolutionProperties) = preSolution
		HideSolutionNode = FALSE
	EndGlobalSection
	GlobalSection(ExtensibilityGlobals) = postSolution
		SolutionGuid = {7509C7C6-D203-4293-893D-CEFB74D0FB0B}
	EndGlobalSection
EndGlobal
